
Microsoft Visual Studio Solution File, Format Version 12.00
# Visual Studio 15
VisualStudioVersion = 15.0.26124.0
MinimumVisualStudioVersion = 15.0.26124.0
Project("{2150E333-8FDC-42A3-9474-1A3956D46DE8}") = "src", "src", "{86FA5BBE-F57D-4331-84B0-BF1569568955}"
EndProject
Project("{FAE04EC0-301F-11D3-BF4B-00C04F79EFBC}") = "PalTracker", "src\PalTracker\PalTracker.csproj", "{E4441FE0-1596-4EE6-ACBE-F4310C82CC6A}"
EndProject
Project("{2150E333-8FDC-42A3-9474-1A3956D46DE8}") = "test", "test", "{C5B99D5D-8696-49DE-B194-2B2E26D23C4E}"
EndProject
Project("{FAE04EC0-301F-11D3-BF4B-00C04F79EFBC}") = "PalTrackerTests", "test\PalTrackerTests\PalTrackerTests.csproj", "{6858FF1D-CB4C-46AA-BF75-366D520E7357}"
EndProject
Global
	GlobalSection(SolutionConfigurationPlatforms) = preSolution
		Debug|Any CPU = Debug|Any CPU
		Debug|x64 = Debug|x64
		Debug|x86 = Debug|x86
		Release|Any CPU = Release|Any CPU
		Release|x64 = Release|x64
		Release|x86 = Release|x86
	EndGlobalSection
	GlobalSection(SolutionProperties) = preSolution
		HideSolutionNode = FALSE
	EndGlobalSection
	GlobalSection(ProjectConfigurationPlatforms) = postSolution
		{E4441FE0-1596-4EE6-ACBE-F4310C82CC6A}.Debug|Any CPU.ActiveCfg = Debug|Any CPU
		{E4441FE0-1596-4EE6-ACBE-F4310C82CC6A}.Debug|Any CPU.Build.0 = Debug|Any CPU
		{E4441FE0-1596-4EE6-ACBE-F4310C82CC6A}.Debug|x64.ActiveCfg = Debug|Any CPU
		{E4441FE0-1596-4EE6-ACBE-F4310C82CC6A}.Debug|x64.Build.0 = Debug|Any CPU
		{E4441FE0-1596-4EE6-ACBE-F4310C82CC6A}.Debug|x86.ActiveCfg = Debug|Any CPU
		{E4441FE0-1596-4EE6-ACBE-F4310C82CC6A}.Debug|x86.Build.0 = Debug|Any CPU
		{E4441FE0-1596-4EE6-ACBE-F4310C82CC6A}.Release|Any CPU.ActiveCfg = Release|Any CPU
		{E4441FE0-1596-4EE6-ACBE-F4310C82CC6A}.Release|Any CPU.Build.0 = Release|Any CPU
		{E4441FE0-1596-4EE6-ACBE-F4310C82CC6A}.Release|x64.ActiveCfg = Release|Any CPU
		{E4441FE0-1596-4EE6-ACBE-F4310C82CC6A}.Release|x64.Build.0 = Release|Any CPU
		{E4441FE0-1596-4EE6-ACBE-F4310C82CC6A}.Release|x86.ActiveCfg = Release|Any CPU
		{E4441FE0-1596-4EE6-ACBE-F4310C82CC6A}.Release|x86.Build.0 = Release|Any CPU
		{6858FF1D-CB4C-46AA-BF75-366D520E7357}.Debug|Any CPU.ActiveCfg = Debug|Any CPU
		{6858FF1D-CB4C-46AA-BF75-366D520E7357}.Debug|Any CPU.Build.0 = Debug|Any CPU
		{6858FF1D-CB4C-46AA-BF75-366D520E7357}.Debug|x64.ActiveCfg = Debug|Any CPU
		{6858FF1D-CB4C-46AA-BF75-366D520E7357}.Debug|x64.Build.0 = Debug|Any CPU
		{6858FF1D-CB4C-46AA-BF75-366D520E7357}.Debug|x86.ActiveCfg = Debug|Any CPU
		{6858FF1D-CB4C-46AA-BF75-366D520E7357}.Debug|x86.Build.0 = Debug|Any CPU
		{6858FF1D-CB4C-46AA-BF75-366D520E7357}.Release|Any CPU.ActiveCfg = Release|Any CPU
		{6858FF1D-CB4C-46AA-BF75-366D520E7357}.Release|Any CPU.Build.0 = Release|Any CPU
		{6858FF1D-CB4C-46AA-BF75-366D520E7357}.Release|x64.ActiveCfg = Release|Any CPU
		{6858FF1D-CB4C-46AA-BF75-366D520E7357}.Release|x64.Build.0 = Release|Any CPU
		{6858FF1D-CB4C-46AA-BF75-366D520E7357}.Release|x86.ActiveCfg = Release|Any CPU
		{6858FF1D-CB4C-46AA-BF75-366D520E7357}.Release|x86.Build.0 = Release|Any CPU
	EndGlobalSection
	GlobalSection(NestedProjects) = preSolution
		{E4441FE0-1596-4EE6-ACBE-F4310C82CC6A} = {86FA5BBE-F57D-4331-84B0-BF1569568955}
		{6858FF1D-CB4C-46AA-BF75-366D520E7357} = {C5B99D5D-8696-49DE-B194-2B2E26D23C4E}
	EndGlobalSection
EndGlobal
